
Microsoft Visual Studio Solution File, Format Version 12.00
# Visual Studio Version 17
VisualStudioVersion = 17.1.32421.90
MinimumVisualStudioVersion = 10.0.40219.1
Project("{8BC9CEB8-8B4A-11D0-8D11-00A0C91BC942}") = "task - 6", "task - 6\task - 6.vcxproj", "{576A44F2-3F33-46C4-B91E-65093561B921}"
EndProject
Global
	GlobalSection(SolutionConfigurationPlatforms) = preSolution
		Debug|x64 = Debug|x64
		Debug|x86 = Debug|x86
		Release|x64 = Release|x64
		Release|x86 = Release|x86
	EndGlobalSection
	GlobalSection(ProjectConfigurationPlatforms) = postSolution
		{576A44F2-3F33-46C4-B91E-65093561B921}.Debug|x64.ActiveCfg = Debug|x64
		{576A44F2-3F33-46C4-B91E-65093561B921}.Debug|x64.Build.0 = Debug|x64
		{576A44F2-3F33-46C4-B91E-65093561B921}.Debug|x86.ActiveCfg = Debug|Win32
		{576A44F2-3F33-46C4-B91E-65093561B921}.Debug|x86.Build.0 = Debug|Win32
		{576A44F2-3F33-46C4-B91E-65093561B921}.Release|x64.ActiveCfg = Release|x64
		{576A44F2-3F33-46C4-B91E-65093561B921}.Release|x64.Build.0 = Release|x64
		{576A44F2-3F33-46C4-B91E-65093561B921}.Release|x86.ActiveCfg = Release|Win32
		{576A44F2-3F33-46C4-B91E-65093561B921}.Release|x86.Build.0 = Release|Win32
	EndGlobalSection
	GlobalSection(SolutionProperties) = preSolution
		HideSolutionNode = FALSE
	EndGlobalSection
	GlobalSection(ExtensibilityGlobals) = postSolution
		SolutionGuid = {F612044D-CBE7-413E-9D81-2C355D4DE1A8}
	EndGlobalSection
EndGlobal
